[[package]]
name = "colorama"
version = "0.4.4"
description = "Cross-platform colored terminal text."
category = "main"
optional = false
python-versions = ">=2.7, !=3.0.*, !=3.1.*, !=3.2.*, !=3.3.*, !=3.4.*"

[[package]]
name = "commonmark"
version = "0.9.1"
description = "Python parser for the CommonMark Markdown spec"
category = "main"
optional = false
python-versions = "*"

[package.extras]
test = ["flake8 (==3.7.8)", "hypothesis (==3.55.3)"]

[[package]]
name = "pillow"
version = "8.0.0"
description = "Python Imaging Library (Fork)"
category = "main"
optional = false
python-versions = ">=3.6"

[[package]]
name = "pygments"
version = "2.9.0"
description = "Pygments is a syntax highlighting package written in Python."
category = "main"
optional = false
python-versions = ">=3.5"

[[package]]
name = "rich"
version = "10.2.2"
description = "Render rich text, tables, progress bars, syntax highlighting, markdown and more to the terminal"
category = "main"
optional = false
python-versions = ">=3.6,<4.0"

[package.dependencies]
colorama = ">=0.4.0,<0.5.0"
commonmark = ">=0.9.0,<0.10.0"
pygments = ">=2.6.0,<3.0.0"

[package.extras]
jupyter = ["ipywidgets (>=7.5.1,<8.0.0)"]

[metadata]
lock-version = "1.1"
python-versions = "^3.8"
content-hash = "bc0a829423e5c5b304492ea9fa60492694bc8b876b83713e9394b3fba329ed21"

[metadata.files]
colorama = [
    {file = "colorama-0.4.4-py2.py3-none-any.whl", hash = "sha256:9f47eda37229f68eee03b24b9748937c7dc3868f906e8ba69fbcbdd3bc5dc3e2"},
    {file = "colorama-0.4.4.tar.gz", hash = "sha256:5941b2b48a20143d2267e95b1c2a7603ce057ee39fd88e7329b0c292aa16869b"},
]
commonmark = [
    {file = "commonmark-0.9.1-py2.py3-none-any.whl", hash = "sha256:da2f38c92590f83de410ba1a3cbceafbc74fee9def35f9251ba9a971d6d66fd9"},
    {file = "commonmark-0.9.1.tar.gz", hash = "sha256:452f9dc859be7f06631ddcb328b6919c67984aca654e5fefb3914d54691aed60"},
]
pillow = [
    {file = "Pillow-8.0.0-cp36-cp36m-macosx_10_10_x86_64.whl", hash = "sha256:b04569ff215b85ce3e2954979d2d5e0bf84007e43ddcf84b632fc6bc18e07909"},
    {file = "Pillow-8.0.0-cp36-cp36m-manylinux1_i686.whl", hash = "sha256:594f2f25b7bcfd9542c41b9df156fb5104f19f5fcefa51b1447f1d9f64c9cc14"},
    {file = "Pillow-8.0.0-cp36-cp36m-manylinux1_x86_64.whl", hash = "sha256:87a855b64a9b692604f6339baa4f9913d06838df1b4ccf0cb899dd18f56ec03c"},
    {file = "Pillow-8.0.0-cp36-cp36m-manylinux2014_aarch64.whl", hash = "sha256:b731d45764349313bd956c07bdc1d43803bb0ad2b11354328a074e416c7d84bc"},
    {file = "Pillow-8.0.0-cp36-cp36m-win32.whl", hash = "sha256:30615e9115f976e00a938a28c7152562e8cf8e221ddacf4446dd8b20c0d97333"},
    {file = "Pillow-8.0.0-cp36-cp36m-win_amd64.whl", hash = "sha256:e6ac40f1a62a227eb00226eb64c9c82bc878a3ed700b5414d34c9be57be87e87"},
    {file = "Pillow-8.0.0-cp37-cp37m-macosx_10_10_x86_64.whl", hash = "sha256:2696f1a6402c1a42ed12c5cd8adfb4b381c32d41e35a34b8ee544309ef854172"},
    {file = "Pillow-8.0.0-cp37-cp37m-manylinux1_i686.whl", hash = "sha256:5b5dde5dcedc4e6f5a71d7654a3c6e189ced82e97d7896b1ca5a5c5e4e0e916f"},
    {file = "Pillow-8.0.0-cp37-cp37m-manylinux1_x86_64.whl", hash = "sha256:04d984e45a0b9815f4b407e8aadb50f25fbb82a605d89db927376e94c3adf371"},
    {file = "Pillow-8.0.0-cp37-cp37m-manylinux2014_aarch64.whl", hash = "sha256:6bcea85f93fb2c94a1bcd35704c348a929a7fb24a0ec0cc2b9fcbb0046b87176"},
    {file = "Pillow-8.0.0-cp37-cp37m-win32.whl", hash = "sha256:233513465a2f25fce537b965621866da3d1f02e15708f371dd4e19f0fb7b7711"},
    {file = "Pillow-8.0.0-cp37-cp37m-win_amd64.whl", hash = "sha256:d904570afcdbec40eb6bdbe24cba8d95c0215a2c0cbbc9c16301045bc8504c1f"},
    {file = "Pillow-8.0.0-cp38-cp38-macosx_10_10_x86_64.whl", hash = "sha256:8c006d52365c0a6bb41a07f9c8f9f458ae8170e0af3b8c49bf7089347066b97b"},
    {file = "Pillow-8.0.0-cp38-cp38-manylinux1_i686.whl", hash = "sha256:9b5b41737853bc49943864d5980dfb401a09e78ddb471e71291810ccdeadd712"},
    {file = "Pillow-8.0.0-cp38-cp38-manylinux1_x86_64.whl", hash = "sha256:3a77e7b9f8991b81d7be8e0b2deab05013cf3ebb24ac2b863d2979acb68c73dd"},
    {file = "Pillow-8.0.0-cp38-cp38-manylinux2014_aarch64.whl", hash = "sha256:c41442c3814afeba1f6f16fd70cdf312a2c73c6dee8dc3ac8926bb115713ad1d"},
    {file = "Pillow-8.0.0-cp38-cp38-win32.whl", hash = "sha256:718d7f0eb3351052023b33fe0f83fc9e3beeb7cbacbd0ff2b52524e2153e4598"},
    {file = "Pillow-8.0.0-cp38-cp38-win_amd64.whl", hash = "sha256:7c4a7ee37027ca716f42726b6f9fc491c13c843c7af559e0767dfab1ae9682d4"},
    {file = "Pillow-8.0.0-cp39-cp39-macosx_10_10_x86_64.whl", hash = "sha256:54667c8ab16658cc0b7d824d8706b440d4db8382a3561042758bdfd48ca99298"},
    {file = "Pillow-8.0.0-cp39-cp39-manylinux1_i686.whl", hash = "sha256:1f59596af2b3d64a9e43f9d6509b7a51db744d0eecc23297617c604e6823c6ae"},
    {file = "Pillow-8.0.0-cp39-cp39-manylinux1_x86_64.whl", hash = "sha256:f5270369c799b4405ed47d45c88c09fbd7942fc9fb9891c0dabf0b8c751b625d"},
    {file = "Pillow-8.0.0-cp39-cp39-manylinux2014_aarch64.whl", hash = "sha256:8e29701229705615d3dcfc439c7c46f40f913e57c7fe322b1efc30d3f37d1287"},
    {file = "Pillow-8.0.0-cp39-cp39-win32.whl", hash = "sha256:c12e33cb17e2e12049a49b77696ee479791a4e44e541fdc393ae043e1246389f"},
    {file = "Pillow-8.0.0-cp39-cp39-win_amd64.whl", hash = "sha256:06e730451b70471c08b8a0ee7f18e7e1df310dba9c780bbfb730a13102b143db"},
    {file = "Pillow-8.0.0-pp36-pypy36_pp73-macosx_10_10_x86_64.whl", hash = "sha256:c4d743c5c91424965707c9c8edc58b7cb43c127dcaf191fbcd304e2082eef56a"},
    {file = "Pillow-8.0.0-pp36-pypy36_pp73-manylinux2010_x86_64.whl", hash = "sha256:2ca55a4443b463eec90528ac27be14d226b1c2b972178bc7d4d282ce89e47b6a"},
    {file = "Pillow-8.0.0-pp36-pypy36_pp73-win32.whl", hash = "sha256:e674be2f349ea810e221b0113bd4491f53584ac848d5bcc3b62443cfa11d9c40"},
    {file = "Pillow-8.0.0-pp37-pypy37_pp73-win32.whl", hash = "sha256:d6766fd28f4f47cf93280a57e3dc6a9d11bdada1a6e9f019b8c62b12bbc86f6a"},
    {file = "Pillow-8.0.0.tar.gz", hash = "sha256:59304c67d12394815331eda95ec892bf54ad95e0aa7bc1ccd8e0a4a5a25d4bf3"},
]
pygments = [
    {file = "Pygments-2.9.0-py3-none-any.whl", hash = "sha256:d66e804411278594d764fc69ec36ec13d9ae9147193a1740cd34d272ca383b8e"},
    {file = "Pygments-2.9.0.tar.gz", hash = "sha256:a18f47b506a429f6f4b9df81bb02beab9ca21d0a5fee38ed15aef65f0545519f"},
]
rich = [
    {file = "rich-10.2.2-py3-none-any.whl", hash = "sha256:203e79c9012f57e0148a2132d0b43fe070a5c213cf080982c186e1d3ae4f8e1d"},
    {file = "rich-10.2.2.tar.gz", hash = "sha256:17b3f486c38e79cc219d8848974b277ef532a82d12b3ad6eb37bb8c6f22ab5fc"},
]
